// !$*UTF8*$!
{
	archiveVersion = 1;
	classes = {
	};
	objectVersion = 55;
	objects = {

/* Begin PBXBuildFile section */
		4535538328B63E1800517D90 /* DataService.swift in Sources */ = {isa = PBXBuildFile; fileRef = 4535538228B63E1800517D90 /* DataService.swift */; };
		4535538628B6498B00517D90 /* Common.swift in Sources */ = {isa = PBXBuildFile; fileRef = 4535538528B6498B00517D90 /* Common.swift */; };
		4535538828B7895100517D90 /* FeedViewController.swift in Sources */ = {isa = PBXBuildFile; fileRef = 4535538728B7895100517D90 /* FeedViewController.swift */; };
		4535538A28B7896A00517D90 /* UploadViewController.swift in Sources */ = {isa = PBXBuildFile; fileRef = 4535538928B7896A00517D90 /* UploadViewController.swift */; };
		4535538C28B7897B00517D90 /* SettingsViewController.swift in Sources */ = {isa = PBXBuildFile; fileRef = 4535538B28B7897B00517D90 /* SettingsViewController.swift */; };
		4580DFAE28B3B61900FDE6A0 /* AppDelegate.swift in Sources */ = {isa = PBXBuildFile; fileRef = 4580DFAD28B3B61900FDE6A0 /* AppDelegate.swift */; };
		4580DFB028B3B61900FDE6A0 /* SceneDelegate.swift in Sources */ = {isa = PBXBuildFile; fileRef = 4580DFAF28B3B61900FDE6A0 /* SceneDelegate.swift */; };
		4580DFB228B3B61900FDE6A0 /* ViewController.swift in Sources */ = {isa = PBXBuildFile; fileRef = 4580DFB128B3B61900FDE6A0 /* ViewController.swift */; };
		4580DFB528B3B61900FDE6A0 /* Main.storyboard in Resources */ = {isa = PBXBuildFile; fileRef = 4580DFB328B3B61900FDE6A0 /* Main.storyboard */; };
		4580DFB728B3B61D00FDE6A0 /* Assets.xcassets in Resources */ = {isa = PBXBuildFile; fileRef = 4580DFB628B3B61D00FDE6A0 /* Assets.xcassets */; };
		4580DFBA28B3B61D00FDE6A0 /* LaunchScreen.storyboard in Resources */ = {isa = PBXBuildFile; fileRef = 4580DFB828B3B61D00FDE6A0 /* LaunchScreen.storyboard */; };
		4580DFC228B3B79D00FDE6A0 /* GoogleService-Info.plist in Resources */ = {isa = PBXBuildFile; fileRef = 4580DFC128B3B79D00FDE6A0 /* GoogleService-Info.plist */; };
		85DBEC8913D696D849290525 /* Pods_instagramClone.framework in Frameworks */ = {isa = PBXBuildFile; fileRef = DCF6D7609B3DDA3455BB79EB /* Pods_instagramClone.framework */; };
/* End PBXBuildFile section */

/* Begin PBXFileReference section */
		1FF8A4E40933B9ED70DC7483 /* Pods-instagramClone.release.xcconfig */ = {isa = PBXFileReference; includeInIndex = 1; lastKnownFileType = text.xcconfig; name = "Pods-instagramClone.release.xcconfig"; path = "Target Support Files/Pods-instagramClone/Pods-instagramClone.release.xcconfig"; sourceTree = "<group>"; };
		4535537D28B635D100517D90 /* instagramClone.app */ = {isa = PBXFileReference; explicitFileType = wrapper.application; includeInIndex = 0; path = instagramClone.app; sourceTree = BUILT_PRODUCTS_DIR; };
		4535538228B63E1800517D90 /* DataService.swift */ = {isa = PBXFileReference; lastKnownFileType = sourcecode.swift; path = DataService.swift; sourceTree = "<group>"; };
		4535538528B6498B00517D90 /* Common.swift */ = {isa = PBXFileReference; lastKnownFileType = sourcecode.swift; path = Common.swift; sourceTree = "<group>"; };
		4535538728B7895100517D90 /* FeedViewController.swift */ = {isa = PBXFileReference; lastKnownFileType = sourcecode.swift; path = FeedViewController.swift; sourceTree = "<group>"; };
		4535538928B7896A00517D90 /* UploadViewController.swift */ = {isa = PBXFileReference; lastKnownFileType = sourcecode.swift; path = UploadViewController.swift; sourceTree = "<group>"; };
		4535538B28B7897B00517D90 /* SettingsViewController.swift */ = {isa = PBXFileReference; lastKnownFileType = sourcecode.swift; path = SettingsViewController.swift; sourceTree = "<group>"; };
		4580DFAD28B3B61900FDE6A0 /* AppDelegate.swift */ = {isa = PBXFileReference; lastKnownFileType = sourcecode.swift; path = AppDelegate.swift; sourceTree = "<group>"; };
		4580DFAF28B3B61900FDE6A0 /* SceneDelegate.swift */ = {isa = PBXFileReference; lastKnownFileType = sourcecode.swift; path = SceneDelegate.swift; sourceTree = "<group>"; };
		4580DFB128B3B61900FDE6A0 /* ViewController.swift */ = {isa = PBXFileReference; lastKnownFileType = sourcecode.swift; path = ViewController.swift; sourceTree = "<group>"; };
		4580DFB428B3B61900FDE6A0 /* Base */ = {isa = PBXFileReference; lastKnownFileType = file.storyboard; name = Base; path = Base.lproj/Main.storyboard; sourceTree = "<group>"; };
		4580DFB628B3B61D00FDE6A0 /* Assets.xcassets */ = {isa = PBXFileReference; lastKnownFileType = folder.assetcatalog; path = Assets.xcassets; sourceTree = "<group>"; };
		4580DFB928B3B61D00FDE6A0 /* Base */ = {isa = PBXFileReference; lastKnownFileType = file.storyboard; name = Base; path = Base.lproj/LaunchScreen.storyboard; sourceTree = "<group>"; };
		4580DFBB28B3B61D00FDE6A0 /* Info.plist */ = {isa = PBXFileReference; lastKnownFileType = text.plist.xml; path = Info.plist; sourceTree = "<group>"; };
		4580DFC128B3B79D00FDE6A0 /* GoogleService-Info.plist */ = {isa = PBXFileReference; fileEncoding = 4; lastKnownFileType = text.plist.xml; path = "GoogleService-Info.plist"; sourceTree = "<group>"; };
		95D630AB92FCB2FDCB4AB850 /* Pods-instagramClone.debug.xcconfig */ = {isa = PBXFileReference; includeInIndex = 1; lastKnownFileType = text.xcconfig; name = "Pods-instagramClone.debug.xcconfig"; path = "Target Support Files/Pods-instagramClone/Pods-instagramClone.debug.xcconfig"; sourceTree = "<group>"; };
		DCF6D7609B3DDA3455BB79EB /* Pods_instagramClone.framework */ = {isa = PBXFileReference; explicitFileType = wrapper.framework; includeInIndex = 0; path = Pods_instagramClone.framework; sourceTree = BUILT_PRODUCTS_DIR; };
/* End PBXFileReference section */

/* Begin PBXFrameworksBuildPhase section */
		4580DFA728B3B61900FDE6A0 /* Frameworks */ = {
			isa = PBXFrameworksBuildPhase;
			buildActionMask = 2147483647;
			files = (
				85DBEC8913D696D849290525 /* Pods_instagramClone.framework in Frameworks */,
			);
			runOnlyForDeploymentPostprocessing = 0;
		};
/* End PBXFrameworksBuildPhase section */

/* Begin PBXGroup section */
		414B2C42B9D7563845D34288 /* Frameworks */ = {
			isa = PBXGroup;
			children = (
				DCF6D7609B3DDA3455BB79EB /* Pods_instagramClone.framework */,
			);
			name = Frameworks;
			sourceTree = "<group>";
		};
		4535537E28B63D8100517D90 /* Delegates */ = {
			isa = PBXGroup;
			children = (
				4580DFAF28B3B61900FDE6A0 /* SceneDelegate.swift */,
				4580DFAD28B3B61900FDE6A0 /* AppDelegate.swift */,
			);
			path = Delegates;
			sourceTree = "<group>";
		};
		4535537F28B63D9C00517D90 /* Controllers */ = {
			isa = PBXGroup;
			children = (
				4580DFB128B3B61900FDE6A0 /* ViewController.swift */,
				4535538728B7895100517D90 /* FeedViewController.swift */,
				4535538928B7896A00517D90 /* UploadViewController.swift */,
				4535538B28B7897B00517D90 /* SettingsViewController.swift */,
			);
			path = Controllers;
			sourceTree = "<group>";
		};
		4535538028B63DC000517D90 /* Views */ = {
			isa = PBXGroup;
			children = (
				4580DFB828B3B61D00FDE6A0 /* LaunchScreen.storyboard */,
				4580DFB328B3B61900FDE6A0 /* Main.storyboard */,
			);
			path = Views;
			sourceTree = "<group>";
		};
		4535538128B63DF200517D90 /* Services */ = {
			isa = PBXGroup;
			children = (
				4535538228B63E1800517D90 /* DataService.swift */,
			);
			path = Services;
			sourceTree = "<group>";
		};
		4535538428B6497600517D90 /* Helpers */ = {
			isa = PBXGroup;
			children = (
				4535538528B6498B00517D90 /* Common.swift */,
			);
			path = Helpers;
			sourceTree = "<group>";
		};
		4580DFA128B3B61900FDE6A0 = {
			isa = PBXGroup;
			children = (
				4580DFAC28B3B61900FDE6A0 /* instagramClone */,
				6F5354CF6CFCCFB03BCEE096 /* Pods */,
				414B2C42B9D7563845D34288 /* Frameworks */,
				4535537D28B635D100517D90 /* instagramClone.app */,
			);
			sourceTree = "<group>";
		};
		4580DFAC28B3B61900FDE6A0 /* instagramClone */ = {
			isa = PBXGroup;
			children = (
				4535538428B6497600517D90 /* Helpers */,
				4535538128B63DF200517D90 /* Services */,
				4535538028B63DC000517D90 /* Views */,
				4535537F28B63D9C00517D90 /* Controllers */,
				4535537E28B63D8100517D90 /* Delegates */,
				4580DFB628B3B61D00FDE6A0 /* Assets.xcassets */,
				4580DFBB28B3B61D00FDE6A0 /* Info.plist */,
				4580DFC128B3B79D00FDE6A0 /* GoogleService-Info.plist */,
			);
			path = instagramClone;
			sourceTree = "<group>";
		};
		6F5354CF6CFCCFB03BCEE096 /* Pods */ = {
			isa = PBXGroup;
			children = (
				95D630AB92FCB2FDCB4AB850 /* Pods-instagramClone.debug.xcconfig */,
				1FF8A4E40933B9ED70DC7483 /* Pods-instagramClone.release.xcconfig */,
			);
			path = Pods;
			sourceTree = "<group>";
		};
/* End PBXGroup section */

/* Begin PBXNativeTarget section */
		4580DFA928B3B61900FDE6A0 /* instagramClone */ = {
			isa = PBXNativeTarget;
			buildConfigurationList = 4580DFBE28B3B61D00FDE6A0 /* Build configuration list for PBXNativeTarget "instagramClone" */;
			buildPhases = (
				12F89F7FEEDCCC338DE35463 /* [CP] Check Pods Manifest.lock */,
				4580DFA628B3B61900FDE6A0 /* Sources */,
				4580DFA728B3B61900FDE6A0 /* Frameworks */,
				4580DFA828B3B61900FDE6A0 /* Resources */,
				7987232CFFDF4EDC85831628 /* [CP] Embed Pods Frameworks */,
			);
			buildRules = (
			);
			dependencies = (
			);
			name = instagramClone;
			productName = instagramClone;
			productReference = 4535537D28B635D100517D90 /* instagramClone.app */;
			productType = "com.apple.product-type.application";
		};
/* End PBXNativeTarget section */

/* Begin PBXProject section */
		4580DFA228B3B61900FDE6A0 /* Project object */ = {
			isa = PBXProject;
			attributes = {
				BuildIndependentTargetsInParallel = 1;
				LastSwiftUpdateCheck = 1340;
				LastUpgradeCheck = 1340;
				TargetAttributes = {
					4580DFA928B3B61900FDE6A0 = {
						CreatedOnToolsVersion = 13.4.1;
					};
				};
			};
			buildConfigurationList = 4580DFA528B3B61900FDE6A0 /* Build configuration list for PBXProject "instagramClone" */;
			compatibilityVersion = "Xcode 13.0";
			developmentRegion = en;
			hasScannedForEncodings = 0;
			knownRegions = (
				en,
				Base,
			);
			mainGroup = 4580DFA128B3B61900FDE6A0;
			productRefGroup = 4580DFA128B3B61900FDE6A0;
			projectDirPath = "";
			projectRoot = "";
			targets = (
				4580DFA928B3B61900FDE6A0 /* instagramClone */,
			);
		};
/* End PBXProject section */

/* Begin PBXResourcesBuildPhase section */
		4580DFA828B3B61900FDE6A0 /* Resources */ = {
			isa = PBXResourcesBuildPhase;
			buildActionMask = 2147483647;
			files = (
				4580DFBA28B3B61D00FDE6A0 /* LaunchScreen.storyboard in Resources */,
				4580DFC228B3B79D00FDE6A0 /* GoogleService-Info.plist in Resources */,
				4580DFB728B3B61D00FDE6A0 /* Assets.xcassets in Resources */,
				4580DFB528B3B61900FDE6A0 /* Main.storyboard in Resources */,
			);
			runOnlyForDeploymentPostprocessing = 0;
		};
/* End PBXResourcesBuildPhase section */

/* Begin PBXShellScriptBuildPhase section */
		12F89F7FEEDCCC338DE35463 /* [CP] Check Pods Manifest.lock */ = {
			isa = PBXShellScriptBuildPhase;
			buildActionMask = 2147483647;
			files = (
			);
			inputFileListPaths = (
			);
			inputPaths = (
				"${PODS_PODFILE_DIR_PATH}/Podfile.lock",
				"${PODS_ROOT}/Manifest.lock",
			);
			name = "[CP] Check Pods Manifest.lock";
			outputFileListPaths = (
			);
			outputPaths = (
				"$(DERIVED_FILE_DIR)/Pods-instagramClone-checkManifestLockResult.txt",
			);
			runOnlyForDeploymentPostprocessing = 0;
			shellPath = /bin/sh;
			shellScript = "diff \"${PODS_PODFILE_DIR_PATH}/Podfile.lock\" \"${PODS_ROOT}/Manifest.lock\" > /dev/null\nif [ $? != 0 ] ; then\n    # print error to STDERR\n    echo \"error: The sandbox is not in sync with the Podfile.lock. Run 'pod install' or update your CocoaPods installation.\" >&2\n    exit 1\nfi\n# This output is used by Xcode 'outputs' to avoid re-running this script phase.\necho \"SUCCESS\" > \"${SCRIPT_OUTPUT_FILE_0}\"\n";
			showEnvVarsInLog = 0;
		};
		7987232CFFDF4EDC85831628 /* [CP] Embed Pods Frameworks */ = {
			isa = PBXShellScriptBuildPhase;
			buildActionMask = 2147483647;
			files = (
			);
			inputFileListPaths = (
				"${PODS_ROOT}/Target Support Files/Pods-instagramClone/Pods-instagramClone-frameworks-${CONFIGURATION}-input-files.xcfilelist",
			);
			name = "[CP] Embed Pods Frameworks";
			outputFileListPaths = (
				"${PODS_ROOT}/Target Support Files/Pods-instagramClone/Pods-instagramClone-frameworks-${CONFIGURATION}-output-files.xcfilelist",
			);
			runOnlyForDeploymentPostprocessing = 0;
			shellPath = /bin/sh;
			shellScript = "\"${PODS_ROOT}/Target Support Files/Pods-instagramClone/Pods-instagramClone-frameworks.sh\"\n";
			showEnvVarsInLog = 0;
		};
/* End PBXShellScriptBuildPhase section */

/* Begin PBXSourcesBuildPhase section */
		4580DFA628B3B61900FDE6A0 /* Sources */ = {
			isa = PBXSourcesBuildPhase;
			buildActionMask = 2147483647;
			files = (
				4580DFB228B3B61900FDE6A0 /* ViewController.swift in Sources */,
				4535538A28B7896A00517D90 /* UploadViewController.swift in Sources */,
				4580DFAE28B3B61900FDE6A0 /* AppDelegate.swift in Sources */,
				4580DFB028B3B61900FDE6A0 /* SceneDelegate.swift in Sources */,
				4535538628B6498B00517D90 /* Common.swift in Sources */,
				4535538828B7895100517D90 /* FeedViewController.swift in Sources */,
				4535538328B63E1800517D90 /* DataService.swift in Sources */,
				4535538C28B7897B00517D90 /* SettingsViewController.swift in Sources */,
			);
			runOnlyForDeploymentPostprocessing = 0;
		};
/* End PBXSourcesBuildPhase section */

/* Begin PBXVariantGroup section */
		4580DFB328B3B61900FDE6A0 /* Main.storyboard */ = {
			isa = PBXVariantGroup;
			children = (
				4580DFB428B3B61900FDE6A0 /* Base */,
			);
			name = Main.storyboard;
			sourceTree = "<group>";
		};
		4580DFB828B3B61D00FDE6A0 /* LaunchScreen.storyboard */ = {
			isa = PBXVariantGroup;
			children = (
				4580DFB928B3B61D00FDE6A0 /* Base */,
			);
			name = LaunchScreen.storyboard;
			sourceTree = "<group>";
		};
/* End PBXVariantGroup section */

/* Begin XCBuildConfiguration section */
		4580DFBC28B3B61D00FDE6A0 /* Debug */ = {
			isa = XCBuildConfiguration;
			buildSettings = {
				ALWAYS_SEARCH_USER_PATHS = NO;
				CLANG_ANALYZER_NONNULL = YES;
				CLANG_ANALYZER_NUMBER_OBJECT_CONVERSION = YES_AGGRESSIVE;
				CLANG_CXX_LANGUAGE_STANDARD = "gnu++17";
				CLANG_ENABLE_MODULES = YES;
				CLANG_ENABLE_OBJC_ARC = YES;
				CLANG_ENABLE_OBJC_WEAK = YES;
				CLANG_WARN_BLOCK_CAPTURE_AUTORELEASING = YES;
				CLANG_WARN_BOOL_CONVERSION = YES;
				CLANG_WARN_COMMA = YES;
				CLANG_WARN_CONSTANT_CONVERSION = YES;
				CLANG_WARN_DEPRECATED_OBJC_IMPLEMENTATIONS = YES;
				CLANG_WARN_DIRECT_OBJC_ISA_USAGE = YES_ERROR;
				CLANG_WARN_DOCUMENTATION_COMMENTS = YES;
				CLANG_WARN_EMPTY_BODY = YES;
				CLANG_WARN_ENUM_CONVERSION = YES;
				CLANG_WARN_INFINITE_RECURSION = YES;
				CLANG_WARN_INT_CONVERSION = YES;
				CLANG_WARN_NON_LITERAL_NULL_CONVERSION = YES;
				CLANG_WARN_OBJC_IMPLICIT_RETAIN_SELF = YES;
				CLANG_WARN_OBJC_LITERAL_CONVERSION = YES;
				CLANG_WARN_OBJC_ROOT_CLASS = YES_ERROR;
				CLANG_WARN_QUOTED_INCLUDE_IN_FRAMEWORK_HEADER = YES;
				CLANG_WARN_RANGE_LOOP_ANALYSIS = YES;
				CLANG_WARN_STRICT_PROTOTYPES = YES;
				CLANG_WARN_SUSPICIOUS_MOVE = YES;
				CLANG_WARN_UNGUARDED_AVAILABILITY = YES_AGGRESSIVE;
				CLANG_WARN_UNREACHABLE_CODE = YES;
				CLANG_WARN__DUPLICATE_METHOD_MATCH = YES;
				COPY_PHASE_STRIP = NO;
				DEBUG_INFORMATION_FORMAT = dwarf;
				ENABLE_STRICT_OBJC_MSGSEND = YES;
				ENABLE_TESTABILITY = YES;
				GCC_C_LANGUAGE_STANDARD = gnu11;
				GCC_DYNAMIC_NO_PIC = NO;
				GCC_NO_COMMON_BLOCKS = YES;
				GCC_OPTIMIZATION_LEVEL = 0;
				GCC_PREPROCESSOR_DEFINITIONS = (
					"DEBUG=1",
					"$(inherited)",
				);
				GCC_WARN_64_TO_32_BIT_CONVERSION = YES;
				GCC_WARN_ABOUT_RETURN_TYPE = YES_ERROR;
				GCC_WARN_UNDECLARED_SELECTOR = YES;
				GCC_WARN_UNINITIALIZED_AUTOS = YES_AGGRESSIVE;
				GCC_WARN_UNUSED_FUNCTION = YES;
				GCC_WARN_UNUSED_VARIABLE = YES;
				IPHONEOS_DEPLOYMENT_TARGET = 15.5;
				MTL_ENABLE_DEBUG_INFO = INCLUDE_SOURCE;
				MTL_FAST_MATH = YES;
				ONLY_ACTIVE_ARCH = YES;
				SDKROOT = iphoneos;
				SWIFT_ACTIVE_COMPILATION_CONDITIONS = DEBUG;
				SWIFT_OPTIMIZATION_LEVEL = "-Onone";
			};
			name = Debug;
		};
		4580DFBD28B3B61D00FDE6A0 /* Release */ = {
			isa = XCBuildConfiguration;
			buildSettings = {
				ALWAYS_SEARCH_USER_PATHS = NO;
				CLANG_ANALYZER_NONNULL = YES;
				CLANG_ANALYZER_NUMBER_OBJECT_CONVERSION = YES_AGGRESSIVE;
				CLANG_CXX_LANGUAGE_STANDARD = "gnu++17";
				CLANG_ENABLE_MODULES = YES;
				CLANG_ENABLE_OBJC_ARC = YES;
				CLANG_ENABLE_OBJC_WEAK = YES;
				CLANG_WARN_BLOCK_CAPTURE_AUTORELEASING = YES;
				CLANG_WARN_BOOL_CONVERSION = YES;
				CLANG_WARN_COMMA = YES;
				CLANG_WARN_CONSTANT_CONVERSION = YES;
				CLANG_WARN_DEPRECATED_OBJC_IMPLEMENTATIONS = YES;
				CLANG_WARN_DIRECT_OBJC_ISA_USAGE = YES_ERROR;
				CLANG_WARN_DOCUMENTATION_COMMENTS = YES;
				CLANG_WARN_EMPTY_BODY = YES;
				CLANG_WARN_ENUM_CONVERSION = YES;
				CLANG_WARN_INFINITE_RECURSION = YES;
				CLANG_WARN_INT_CONVERSION = YES;
				CLANG_WARN_NON_LITERAL_NULL_CONVERSION = YES;
				CLANG_WARN_OBJC_IMPLICIT_RETAIN_SELF = YES;
				CLANG_WARN_OBJC_LITERAL_CONVERSION = YES;
				CLANG_WARN_OBJC_ROOT_CLASS = YES_ERROR;
				CLANG_WARN_QUOTED_INCLUDE_IN_FRAMEWORK_HEADER = YES;
				CLANG_WARN_RANGE_LOOP_ANALYSIS = YES;
				CLANG_WARN_STRICT_PROTOTYPES = YES;
				CLANG_WARN_SUSPICIOUS_MOVE = YES;
				CLANG_WARN_UNGUARDED_AVAILABILITY = YES_AGGRESSIVE;
				CLANG_WARN_UNREACHABLE_CODE = YES;
				CLANG_WARN__DUPLICATE_METHOD_MATCH = YES;
				COPY_PHASE_STRIP = NO;
				DEBUG_INFORMATION_FORMAT = "dwarf-with-dsym";
				ENABLE_NS_ASSERTIONS = NO;
				ENABLE_STRICT_OBJC_MSGSEND = YES;
				GCC_C_LANGUAGE_STANDARD = gnu11;
				GCC_NO_COMMON_BLOCKS = YES;
				GCC_WARN_64_TO_32_BIT_CONVERSION = YES;
				GCC_WARN_ABOUT_RETURN_TYPE = YES_ERROR;
				GCC_WARN_UNDECLARED_SELECTOR = YES;
				GCC_WARN_UNINITIALIZED_AUTOS = YES_AGGRESSIVE;
				GCC_WARN_UNUSED_FUNCTION = YES;
				GCC_WARN_UNUSED_VARIABLE = YES;
				IPHONEOS_DEPLOYMENT_TARGET = 15.5;
				MTL_ENABLE_DEBUG_INFO = NO;
				MTL_FAST_MATH = YES;
				SDKROOT = iphoneos;
				SWIFT_COMPILATION_MODE = wholemodule;
				SWIFT_OPTIMIZATION_LEVEL = "-O";
				VALIDATE_PRODUCT = YES;
			};
			name = Release;
		};
		4580DFBF28B3B61D00FDE6A0 /* Debug */ = {
			isa = XCBuildConfiguration;
			baseConfigurationReference = 95D630AB92FCB2FDCB4AB850 /* Pods-instagramClone.debug.xcconfig */;
			buildSettings = {
				ASSETCATALOG_COMPILER_APPICON_NAME = AppIcon;
				ASSETCATALOG_COMPILER_GLOBAL_ACCENT_COLOR_NAME = AccentColor;
				CODE_SIGN_STYLE = Automatic;
				CURRENT_PROJECT_VERSION = 1;
				GENERATE_INFOPLIST_FILE = YES;
				INFOPLIST_FILE = instagramClone/Info.plist;
				INFOPLIST_KEY_UIApplicationSupportsIndirectInputEvents = YES;
				INFOPLIST_KEY_UILaunchStoryboardName = LaunchScreen;
				INFOPLIST_KEY_UIMainStoryboardFile = Main;
				INFOPLIST_KEY_UISupportedInterfaceOrientations_iPad = "UIInterfaceOrientationPortrait UIInterfaceOrientationPortraitUpsideDown UIInterfaceOrientationLandscapeLeft UIInterfaceOrientationLandscapeRight";
				INFOPLIST_KEY_UISupportedInterfaceOrientations_iPhone = "UIInterfaceOrientationPortrait UIInterfaceOrientationLandscapeLeft UIInterfaceOrientationLandscapeRight";
				LD_RUNPATH_SEARCH_PATHS = (
					"$(inherited)",
					"@executable_path/Frameworks",
				);
				MARKETING_VERSION = 1.0;
				PRODUCT_BUNDLE_IDENTIFIER = muammerAkca10.instagramClone;
				PRODUCT_NAME = "$(TARGET_NAME)";
				SWIFT_EMIT_LOC_STRINGS = YES;
				SWIFT_VERSION = 5.0;
				TARGETED_DEVICE_FAMILY = "1,2";
			};
			name = Debug;
		};
		4580DFC028B3B61D00FDE6A0 /* Release */ = {
			isa = XCBuildConfiguration;
			baseConfigurationReference = 1FF8A4E40933B9ED70DC7483 /* Pods-instagramClone.release.xcconfig */;
			buildSettings = {
				ASSETCATALOG_COMPILER_APPICON_NAME = AppIcon;
				ASSETCATALOG_COMPILER_GLOBAL_ACCENT_COLOR_NAME = AccentColor;
				CODE_SIGN_STYLE = Automatic;
				CURRENT_PROJECT_VERSION = 1;
				GENERATE_INFOPLIST_FILE = YES;
				INFOPLIST_FILE = instagramClone/Info.plist;
				INFOPLIST_KEY_UIApplicationSupportsIndirectInputEvents = YES;
				INFOPLIST_KEY_UILaunchStoryboardName = LaunchScreen;
				INFOPLIST_KEY_UIMainStoryboardFile = Main;
				INFOPLIST_KEY_UISupportedInterfaceOrientations_iPad = "UIInterfaceOrientationPortrait UIInterfaceOrientationPortraitUpsideDown UIInterfaceOrientationLandscapeLeft UIInterfaceOrientationLandscapeRight";
				INFOPLIST_KEY_UISupportedInterfaceOrientations_iPhone = "UIInterfaceOrientationPortrait UIInterfaceOrientationLandscapeLeft UIInterfaceOrientationLandscapeRight";
				LD_RUNPATH_SEARCH_PATHS = (
					"$(inherited)",
					"@executable_path/Frameworks",
				);
				MARKETING_VERSION = 1.0;
				PRODUCT_BUNDLE_IDENTIFIER = muammerAkca10.instagramClone;
				PRODUCT_NAME = "$(TARGET_NAME)";
				SWIFT_EMIT_LOC_STRINGS = YES;
				SWIFT_VERSION = 5.0;
				TARGETED_DEVICE_FAMILY = "1,2";
			};
			name = Release;
		};
/* End XCBuildConfiguration section */

/* Begin XCConfigurationList section */
		4580DFA528B3B61900FDE6A0 /* Build configuration list for PBXProject "instagramClone" */ = {
			isa = XCConfigurationList;
			buildConfigurations = (
				4580DFBC28B3B61D00FDE6A0 /* Debug */,
				4580DFBD28B3B61D00FDE6A0 /* Release */,
			);
			defaultConfigurationIsVisible = 0;
			defaultConfigurationName = Release;
		};
		4580DFBE28B3B61D00FDE6A0 /* Build configuration list for PBXNativeTarget "instagramClone" */ = {
			isa = XCConfigurationList;
			buildConfigurations = (
				4580DFBF28B3B61D00FDE6A0 /* Debug */,
				4580DFC028B3B61D00FDE6A0 /* Release */,
			);
			defaultConfigurationIsVisible = 0;
			defaultConfigurationName = Release;
		};
/* End XCConfigurationList section */
	};
	rootObject = 4580DFA228B3B61900FDE6A0 /* Project object */;
}
